{
  "version": 4,
  "terraform_version": "1.3.7",
  "serial": 19,
  "lineage": "e9764df4-f063-ac55-fc15-5297c96c473d",
  "outputs": {},
  "resources": [
    {
      "mode": "data",
      "type": "digitalocean_ssh_key",
      "name": "lobo",
      "provider": "provider[\"registry.terraform.io/digitalocean/digitalocean\"]",
      "instances": [
        {
          "schema_version": 0,
          "attributes": {
            "fingerprint": "f5:51:60:1d:63:92:4a:15:f1:12:a0:65:df:c2:d2:27",
            "id": 37384747,
            "name": "LOBO-Desktop",
            "public_key": "ssh-rsa AAAAB3NzaC1yc2EAAAADAQABAAABAQC6dceq0UtqdfagnYpgdxjcYM2sCbrQEK7LYu+6JkRC/3ZKwWJCuZu0wgXgGPXb/20vyUfktbDyWRq0gwyTSXl7uqL6NSpYKIp4NbCinP8Z8I6cUfZi1dKtKPTnIasSEtMQLzSHk4v0OP67sBgj+UsiQSWqC/mXLIqaTccMmsujBBLpTFj0tY+g7e4kzTGwBrDPadR/8fTL4psLsGf9xgOvEoQIh4pKe0lJJjY9EIA5t1J4SSRGMpNUmm9kTsK5VVAEN4kZvGKZwVIGK7UTiBouaj8UtIvdGRX6VF5hWglyUOnmmGJAaUFQs+lztFe//M9osj7Tg8Rdsb3utznCnXYB lobo\\lobo@LOBO"
          },
          "sensitive_attributes": []
        }
      ]
    },
    {
      "mode": "managed",
      "type": "digitalocean_droplet",
      "name": "conversor",
      "provider": "provider[\"registry.terraform.io/digitalocean/digitalocean\"]",
      "instances": [
        {
          "schema_version": 1,
          "attributes": {
            "backups": false,
            "created_at": "2023-01-29T14:24:15Z",
            "disk": 60,
            "droplet_agent": null,
            "graceful_shutdown": false,
            "id": "338116259",
            "image": "ubuntu-18-04-x64",
            "ipv4_address": "192.241.138.36",
            "ipv4_address_private": "10.116.0.3",
            "ipv6": false,
            "ipv6_address": "",
            "locked": false,
            "memory": 2048,
            "monitoring": false,
            "name": "conversor",
            "price_hourly": 0.02679,
            "price_monthly": 18,
            "private_networking": true,
            "region": "nyc1",
            "resize_disk": true,
            "size": "s-2vcpu-2gb",
            "ssh_keys": [
              "37384747"
            ],
            "status": "active",
            "tags": [],
            "timeouts": null,
            "urn": "do:droplet:338116259",
            "user_data": null,
            "vcpus": 2,
            "volume_ids": [],
            "vpc_uuid": "c46505f3-4d9c-431b-9646-71f2c43d370e"
          },
          "sensitive_attributes": [],
          "private": "eyJlMmJmYjczMC1lY2FhLTExZTYtOGY4OC0zNDM2M2JjN2M0YzAiOnsiY3JlYXRlIjozNjAwMDAwMDAwMDAwLCJkZWxldGUiOjYwMDAwMDAwMDAwLCJ1cGRhdGUiOjM2MDAwMDAwMDAwMDB9LCJzY2hlbWFfdmVyc2lvbiI6IjEifQ==",
          "dependencies": [
            "data.digitalocean_ssh_key.lobo"
          ]
        }
      ]
    },
    {
      "mode": "managed",
      "type": "digitalocean_droplet",
      "name": "jenkins",
      "provider": "provider[\"registry.terraform.io/digitalocean/digitalocean\"]",
      "instances": [
        {
          "schema_version": 1,
          "attributes": {
            "backups": false,
            "created_at": "2023-01-29T14:21:10Z",
            "disk": 60,
            "droplet_agent": null,
            "graceful_shutdown": false,
            "id": "338116063",
            "image": "ubuntu-22-04-x64",
            "ipv4_address": "143.244.152.147",
            "ipv4_address_private": "10.116.0.2",
            "ipv6": false,
            "ipv6_address": "",
            "locked": false,
            "memory": 2048,
            "monitoring": false,
            "name": "jenkins",
            "price_hourly": 0.02679,
            "price_monthly": 18,
            "private_networking": true,
            "region": "nyc1",
            "resize_disk": true,
            "size": "s-2vcpu-2gb",
            "ssh_keys": null,
            "status": "active",
            "tags": [],
            "timeouts": null,
            "urn": "do:droplet:338116063",
            "user_data": null,
            "vcpus": 2,
            "volume_ids": [],
            "vpc_uuid": "c46505f3-4d9c-431b-9646-71f2c43d370e"
          },
          "sensitive_attributes": [],
          "private": "eyJlMmJmYjczMC1lY2FhLTExZTYtOGY4OC0zNDM2M2JjN2M0YzAiOnsiY3JlYXRlIjozNjAwMDAwMDAwMDAwLCJkZWxldGUiOjYwMDAwMDAwMDAwLCJ1cGRhdGUiOjM2MDAwMDAwMDAwMDB9LCJzY2hlbWFfdmVyc2lvbiI6IjEifQ=="
        }
      ]
    }
  ],
  "check_results": null
}
