{
  "version": 4,
  "terraform_version": "1.3.7",
  "serial": 21,
  "lineage": "e9764df4-f063-ac55-fc15-5297c96c473d",
  "outputs": {},
  "resources": [
    {
      "mode": "data",
      "type": "digitalocean_ssh_key",
      "name": "lobo",
      "provider": "provider[\"registry.terraform.io/digitalocean/digitalocean\"]",
      "instances": [
        {
          "schema_version": 0,
          "attributes": {
            "fingerprint": "f5:51:60:1d:63:92:4a:15:f1:12:a0:65:df:c2:d2:27",
            "id": 37384747,
            "name": "LOBO-Desktop",
            "public_key": "ssh-rsa AAAAB3NzaC1yc2EAAAADAQABAAABAQC6dceq0UtqdfagnYpgdxjcYM2sCbrQEK7LYu+6JkRC/3ZKwWJCuZu0wgXgGPXb/20vyUfktbDyWRq0gwyTSXl7uqL6NSpYKIp4NbCinP8Z8I6cUfZi1dKtKPTnIasSEtMQLzSHk4v0OP67sBgj+UsiQSWqC/mXLIqaTccMmsujBBLpTFj0tY+g7e4kzTGwBrDPadR/8fTL4psLsGf9xgOvEoQIh4pKe0lJJjY9EIA5t1J4SSRGMpNUmm9kTsK5VVAEN4kZvGKZwVIGK7UTiBouaj8UtIvdGRX6VF5hWglyUOnmmGJAaUFQs+lztFe//M9osj7Tg8Rdsb3utznCnXYB lobo\\lobo@LOBO"
          },
          "sensitive_attributes": []
        }
      ]
    },
    {
      "mode": "managed",
      "type": "digitalocean_droplet",
      "name": "conversor",
      "provider": "provider[\"registry.terraform.io/digitalocean/digitalocean\"]",
      "instances": [
        {
          "schema_version": 1,
          "attributes": {
            "backups": false,
            "created_at": "2023-01-29T14:24:15Z",
            "disk": 60,
            "droplet_agent": null,
            "graceful_shutdown": false,
            "id": "338116259",
            "image": "ubuntu-18-04-x64",
            "ipv4_address": "192.241.138.36",
            "ipv4_address_private": "10.116.0.3",
            "ipv6": false,
            "ipv6_address": "",
            "locked": false,
            "memory": 2048,
            "monitoring": false,
            "name": "conversor",
            "price_hourly": 0.02679,
            "price_monthly": 18,
            "private_networking": true,
            "region": "nyc1",
            "resize_disk": true,
            "size": "s-2vcpu-2gb",
            "ssh_keys": [
              "37384747"
            ],
            "status": "active",
            "tags": [],
            "timeouts": null,
            "urn": "do:droplet:338116259",
            "user_data": null,
            "vcpus": 2,
            "volume_ids": [],
            "vpc_uuid": "c46505f3-4d9c-431b-9646-71f2c43d370e"
          },
          "sensitive_attributes": [],
          "private": "eyJlMmJmYjczMC1lY2FhLTExZTYtOGY4OC0zNDM2M2JjN2M0YzAiOnsiY3JlYXRlIjozNjAwMDAwMDAwMDAwLCJkZWxldGUiOjYwMDAwMDAwMDAwLCJ1cGRhdGUiOjM2MDAwMDAwMDAwMDB9LCJzY2hlbWFfdmVyc2lvbiI6IjEifQ==",
          "dependencies": [
            "data.digitalocean_ssh_key.lobo"
          ]
        }
      ]
    },
    {
      "mode": "managed",
      "type": "digitalocean_droplet",
      "name": "jenkins",
      "provider": "provider[\"registry.terraform.io/digitalocean/digitalocean\"]",
      "instances": [
        {
          "schema_version": 1,
          "attributes": {
            "backups": false,
            "created_at": "2023-01-29T14:21:10Z",
            "disk": 60,
            "droplet_agent": null,
            "graceful_shutdown": false,
            "id": "338116063",
            "image": "ubuntu-22-04-x64",
            "ipv4_address": "143.244.152.147",
            "ipv4_address_private": "10.116.0.2",
            "ipv6": false,
            "ipv6_address": "",
            "locked": false,
            "memory": 2048,
            "monitoring": false,
            "name": "jenkins",
            "price_hourly": 0.02679,
            "price_monthly": 18,
            "private_networking": true,
            "region": "nyc1",
            "resize_disk": true,
            "size": "s-2vcpu-2gb",
            "ssh_keys": null,
            "status": "active",
            "tags": [],
            "timeouts": null,
            "urn": "do:droplet:338116063",
            "user_data": null,
            "vcpus": 2,
            "volume_ids": [],
            "vpc_uuid": "c46505f3-4d9c-431b-9646-71f2c43d370e"
          },
          "sensitive_attributes": [],
          "private": "eyJlMmJmYjczMC1lY2FhLTExZTYtOGY4OC0zNDM2M2JjN2M0YzAiOnsiY3JlYXRlIjozNjAwMDAwMDAwMDAwLCJkZWxldGUiOjYwMDAwMDAwMDAwLCJ1cGRhdGUiOjM2MDAwMDAwMDAwMDB9LCJzY2hlbWFfdmVyc2lvbiI6IjEifQ=="
        }
      ]
    },
    {
      "mode": "managed",
      "type": "digitalocean_kubernetes_cluster",
      "name": "k8s-dev",
      "provider": "provider[\"registry.terraform.io/digitalocean/digitalocean\"]",
      "instances": [
        {
          "schema_version": 3,
          "attributes": {
            "auto_upgrade": false,
            "cluster_subnet": "10.244.0.0/16",
            "created_at": "2023-01-29 14:35:43 +0000 UTC",
            "endpoint": "https://2472e595-4975-4c57-8d11-0ae4f05519c9.k8s.ondigitalocean.com",
            "ha": false,
            "id": "2472e595-4975-4c57-8d11-0ae4f05519c9",
            "ipv4_address": "",
            "kube_config": [
              {
                "client_certificate": "",
                "client_key": "",
                "cluster_ca_certificate": "LS0tLS1CRUdJTiBDRVJUSUZJQ0FURS0tLS0tCk1JSURKekNDQWcrZ0F3SUJBZ0lDQm5Vd0RRWUpLb1pJaHZjTkFRRUxCUUF3TXpFVk1CTUdBMVVFQ2hNTVJHbG4KYVhSaGJFOWpaV0Z1TVJvd0dBWURWUVFERXhGck9ITmhZWE1nUTJ4MWMzUmxjaUJEUVRBZUZ3MHlNekF4TWpreApORE0xTlROYUZ3MDBNekF4TWpreE5ETTFOVE5hTURNeEZUQVRCZ05WQkFvVERFUnBaMmwwWVd4UFkyVmhiakVhCk1CZ0dBMVVFQXhNUmF6aHpZV0Z6SUVOc2RYTjBaWElnUTBFd2dnRWlNQTBHQ1NxR1NJYjNEUUVCQVFVQUE0SUIKRHdBd2dnRUtBb0lCQVFDZ2tiMmNQRHpZZkNmOElMV1BaL3hpMlZLUXVIdVpQNTY3NmVvdGxzekZWYVZkcHphSgpiK0V6U0ZxYmgzZkJmWWo3WmV3UGZqNzFaSEVBYjY5QnBIelYyay82b1lyY2l5N0xmQTdmWDg0RnkyU0hmWm1oCmEyOU16QUpMdER6K3dPWFB2T3gwNWJqR0NHNFV5VlNiRlBoNld4Yk5Fc2trSTRtTGdsa1o4T2dEZjRjTkVNVlAKMWpCMUlJQWVkbzZCemFvamkwT0w3T3I1MkhOVE85RWJsZDVaTEhna2tlODJ1QytMOUhFdjhVTDJxc2E3SEVyKwozdDVtWmd3S21wZmJDdTNzb29jSVBadnhwVisrbkJDY0RYaHI4MHd0QUR5bWhoZFZWeU1kdW53Y1FINWdES0luCjdGWDhoWUdTRWlWYm9wVCsxTC9rbEVOWWhyRXV4eE5CUnNVUEFnTUJBQUdqUlRCRE1BNEdBMVVkRHdFQi93UUUKQXdJQmhqQVNCZ05WSFJNQkFmOEVDREFHQVFIL0FnRUFNQjBHQTFVZERnUVdCQlFFd3pMaXZSbGw4UVQ5aUdsTApCNE9ia2l1eTV6QU5CZ2txaGtpRzl3MEJBUXNGQUFPQ0FRRUFmYUttSzNIODZkVndtYjFrRlhHdXVFWkEvNzgwCnQzbTlQQ0s5MGVLSE5WMXJzNTFlaVBjcWdSekZNb3RXcFVtaVRZb3RMR0FudjVaL0I3Q0Npby9XVlNBS2Fnc00KV0FNRU4xTDVTMjN1NHV1OFFLY0VkcmdHc21lMCt5bjl6bGlFSTdrYWU3LzFjd0JGRDFHc1FLNTdJbm5oRzJOZwowV0JXREFZV0lCSlRmdm5HM3QrMHRsa0FiMFlNVWJDUWlnSlhDeVpFWU9KWDFPNk5DNzJiUFh3WDZhL3M0a3NlCkcyVVZBRW9HLzNTUW9WQUUwczhYaG44TStkU2lHSkhJSHBodjlacCtWRGxNRi83dXVoK3lkV3RyZkJHZlZRbzUKaWdkR3hZM2dwL1g1RnlkZW1jUGJ6dkRqNk1zOXJLSXFyTHl6aVBEL2MxOGx4NGZYUHFUSnVQWlo4QT09Ci0tLS0tRU5EIENFUlRJRklDQVRFLS0tLS0K",
                "expires_at": "2023-02-05T14:41:24Z",
                "host": "https://2472e595-4975-4c57-8d11-0ae4f05519c9.k8s.ondigitalocean.com",
                "raw_config": "apiVersion: v1\nkind: Config\nclusters:\n- cluster:\n    certificate-authority-data: LS0tLS1CRUdJTiBDRVJUSUZJQ0FURS0tLS0tCk1JSURKekNDQWcrZ0F3SUJBZ0lDQm5Vd0RRWUpLb1pJaHZjTkFRRUxCUUF3TXpFVk1CTUdBMVVFQ2hNTVJHbG4KYVhSaGJFOWpaV0Z1TVJvd0dBWURWUVFERXhGck9ITmhZWE1nUTJ4MWMzUmxjaUJEUVRBZUZ3MHlNekF4TWpreApORE0xTlROYUZ3MDBNekF4TWpreE5ETTFOVE5hTURNeEZUQVRCZ05WQkFvVERFUnBaMmwwWVd4UFkyVmhiakVhCk1CZ0dBMVVFQXhNUmF6aHpZV0Z6SUVOc2RYTjBaWElnUTBFd2dnRWlNQTBHQ1NxR1NJYjNEUUVCQVFVQUE0SUIKRHdBd2dnRUtBb0lCQVFDZ2tiMmNQRHpZZkNmOElMV1BaL3hpMlZLUXVIdVpQNTY3NmVvdGxzekZWYVZkcHphSgpiK0V6U0ZxYmgzZkJmWWo3WmV3UGZqNzFaSEVBYjY5QnBIelYyay82b1lyY2l5N0xmQTdmWDg0RnkyU0hmWm1oCmEyOU16QUpMdER6K3dPWFB2T3gwNWJqR0NHNFV5VlNiRlBoNld4Yk5Fc2trSTRtTGdsa1o4T2dEZjRjTkVNVlAKMWpCMUlJQWVkbzZCemFvamkwT0w3T3I1MkhOVE85RWJsZDVaTEhna2tlODJ1QytMOUhFdjhVTDJxc2E3SEVyKwozdDVtWmd3S21wZmJDdTNzb29jSVBadnhwVisrbkJDY0RYaHI4MHd0QUR5bWhoZFZWeU1kdW53Y1FINWdES0luCjdGWDhoWUdTRWlWYm9wVCsxTC9rbEVOWWhyRXV4eE5CUnNVUEFnTUJBQUdqUlRCRE1BNEdBMVVkRHdFQi93UUUKQXdJQmhqQVNCZ05WSFJNQkFmOEVDREFHQVFIL0FnRUFNQjBHQTFVZERnUVdCQlFFd3pMaXZSbGw4UVQ5aUdsTApCNE9ia2l1eTV6QU5CZ2txaGtpRzl3MEJBUXNGQUFPQ0FRRUFmYUttSzNIODZkVndtYjFrRlhHdXVFWkEvNzgwCnQzbTlQQ0s5MGVLSE5WMXJzNTFlaVBjcWdSekZNb3RXcFVtaVRZb3RMR0FudjVaL0I3Q0Npby9XVlNBS2Fnc00KV0FNRU4xTDVTMjN1NHV1OFFLY0VkcmdHc21lMCt5bjl6bGlFSTdrYWU3LzFjd0JGRDFHc1FLNTdJbm5oRzJOZwowV0JXREFZV0lCSlRmdm5HM3QrMHRsa0FiMFlNVWJDUWlnSlhDeVpFWU9KWDFPNk5DNzJiUFh3WDZhL3M0a3NlCkcyVVZBRW9HLzNTUW9WQUUwczhYaG44TStkU2lHSkhJSHBodjlacCtWRGxNRi83dXVoK3lkV3RyZkJHZlZRbzUKaWdkR3hZM2dwL1g1RnlkZW1jUGJ6dkRqNk1zOXJLSXFyTHl6aVBEL2MxOGx4NGZYUHFUSnVQWlo4QT09Ci0tLS0tRU5EIENFUlRJRklDQVRFLS0tLS0K\n    server: https://2472e595-4975-4c57-8d11-0ae4f05519c9.k8s.ondigitalocean.com\n  name: do-nyc1-k8s-dev\ncontexts:\n- context:\n    cluster: do-nyc1-k8s-dev\n    user: do-nyc1-k8s-dev-admin\n  name: do-nyc1-k8s-dev\ncurrent-context: do-nyc1-k8s-dev\nusers:\n- name: do-nyc1-k8s-dev-admin\n  user:\n    token: dop_v1_f274cbe91e32120515fc135a3ee665ca099794ef5504652d3e1b32c03e332f6d\n",
                "token": "dop_v1_f274cbe91e32120515fc135a3ee665ca099794ef5504652d3e1b32c03e332f6d"
              }
            ],
            "maintenance_policy": [
              {
                "day": "any",
                "duration": "4h0m0s",
                "start_time": "13:00"
              }
            ],
            "name": "k8s-dev",
            "node_pool": [
              {
                "actual_node_count": 1,
                "auto_scale": false,
                "id": "620fc117-682e-466e-8c7d-a8acfee6e2c8",
                "labels": null,
                "max_nodes": 0,
                "min_nodes": 0,
                "name": "default",
                "node_count": 1,
                "nodes": [
                  {
                    "created_at": "2023-01-29 14:35:43 +0000 UTC",
                    "droplet_id": "338117314",
                    "id": "091c8671-66d4-4249-8499-87635d920f22",
                    "name": "default-qndvp",
                    "status": "running",
                    "updated_at": "2023-01-29 14:37:15 +0000 UTC"
                  }
                ],
                "size": "s-2vcpu-2gb",
                "tags": null,
                "taint": []
              }
            ],
            "region": "nyc1",
            "service_subnet": "10.245.0.0/16",
            "status": "running",
            "surge_upgrade": true,
            "tags": null,
            "timeouts": null,
            "updated_at": "2023-01-29 14:41:14 +0000 UTC",
            "urn": "do:kubernetes:2472e595-4975-4c57-8d11-0ae4f05519c9",
            "version": "1.25.4-do.0",
            "vpc_uuid": "c46505f3-4d9c-431b-9646-71f2c43d370e"
          },
          "sensitive_attributes": [],
          "private": "eyJlMmJmYjczMC1lY2FhLTExZTYtOGY4OC0zNDM2M2JjN2M0YzAiOnsiY3JlYXRlIjoxODAwMDAwMDAwMDAwfSwic2NoZW1hX3ZlcnNpb24iOiIzIn0="
        }
      ]
    }
  ],
  "check_results": null
}
